
Microsoft Visual Studio Solution File, Format Version 12.00
# Visual Studio Version 16
VisualStudioVersion = 16.0.31313.79
MinimumVisualStudioVersion = 10.0.40219.1
Project("{FAE04EC0-301F-11D3-BF4B-00C04F79EFBC}") = "MerveKibir", "MerveKibir\MerveKibir.csproj", "{42320A97-604F-4418-98B8-840A6DD16C9A}"
EndProject
Project("{FAE04EC0-301F-11D3-BF4B-00C04F79EFBC}") = "DataModel", "DataModel\DataModel.csproj", "{D3F46AF3-67A3-4CDB-AD6D-9F0748FC7FB2}"
EndProject
Project("{FAE04EC0-301F-11D3-BF4B-00C04F79EFBC}") = "İslemKatmani", "İslemKatmani\İslemKatmani.csproj", "{8483BA58-0CC5-4FB8-9537-F4D7E3EBB0A1}"
EndProject
Project("{FAE04EC0-301F-11D3-BF4B-00C04F79EFBC}") = "WebApi", "WebApi\WebApi.csproj", "{5952537E-343C-4055-A7A2-398ED81A245A}"
EndProject
Global
	GlobalSection(SolutionConfigurationPlatforms) = preSolution
		Debug|Any CPU = Debug|Any CPU
		Release|Any CPU = Release|Any CPU
	EndGlobalSection
	GlobalSection(ProjectConfigurationPlatforms) = postSolution
		{42320A97-604F-4418-98B8-840A6DD16C9A}.Debug|Any CPU.ActiveCfg = Debug|Any CPU
		{42320A97-604F-4418-98B8-840A6DD16C9A}.Debug|Any CPU.Build.0 = Debug|Any CPU
		{42320A97-604F-4418-98B8-840A6DD16C9A}.Release|Any CPU.ActiveCfg = Release|Any CPU
		{42320A97-604F-4418-98B8-840A6DD16C9A}.Release|Any CPU.Build.0 = Release|Any CPU
		{D3F46AF3-67A3-4CDB-AD6D-9F0748FC7FB2}.Debug|Any CPU.ActiveCfg = Debug|Any CPU
		{D3F46AF3-67A3-4CDB-AD6D-9F0748FC7FB2}.Debug|Any CPU.Build.0 = Debug|Any CPU
		{D3F46AF3-67A3-4CDB-AD6D-9F0748FC7FB2}.Release|Any CPU.ActiveCfg = Release|Any CPU
		{D3F46AF3-67A3-4CDB-AD6D-9F0748FC7FB2}.Release|Any CPU.Build.0 = Release|Any CPU
		{8483BA58-0CC5-4FB8-9537-F4D7E3EBB0A1}.Debug|Any CPU.ActiveCfg = Debug|Any CPU
		{8483BA58-0CC5-4FB8-9537-F4D7E3EBB0A1}.Debug|Any CPU.Build.0 = Debug|Any CPU
		{8483BA58-0CC5-4FB8-9537-F4D7E3EBB0A1}.Release|Any CPU.ActiveCfg = Release|Any CPU
		{8483BA58-0CC5-4FB8-9537-F4D7E3EBB0A1}.Release|Any CPU.Build.0 = Release|Any CPU
		{5952537E-343C-4055-A7A2-398ED81A245A}.Debug|Any CPU.ActiveCfg = Debug|Any CPU
		{5952537E-343C-4055-A7A2-398ED81A245A}.Debug|Any CPU.Build.0 = Debug|Any CPU
		{5952537E-343C-4055-A7A2-398ED81A245A}.Release|Any CPU.ActiveCfg = Release|Any CPU
		{5952537E-343C-4055-A7A2-398ED81A245A}.Release|Any CPU.Build.0 = Release|Any CPU
	EndGlobalSection
	GlobalSection(SolutionProperties) = preSolution
		HideSolutionNode = FALSE
	EndGlobalSection
	GlobalSection(ExtensibilityGlobals) = postSolution
		SolutionGuid = {3C7ACE92-0B56-47A1-83B2-3C38D70F1479}
	EndGlobalSection
EndGlobal
